
Microsoft Visual Studio Solution File, Format Version 12.00
# Visual Studio Version 17
VisualStudioVersion = 17.3.32922.545
MinimumVisualStudioVersion = 10.0.40219.1
Project("{FAE04EC0-301F-11D3-BF4B-00C04F79EFBC}") = "Garden", "Garden.csproj", "{B99691D2-771B-40CA-8ED9-6A783ED1F2E8}"
EndProject
Global
	GlobalSection(SolutionConfigurationPlatforms) = preSolution
		Debug|Any CPU = Debug|Any CPU
		Release|Any CPU = Release|Any CPU
	EndGlobalSection
	GlobalSection(ProjectConfigurationPlatforms) = postSolution
		{B99691D2-771B-40CA-8ED9-6A783ED1F2E8}.Debug|Any CPU.ActiveCfg = Debug|Any CPU
		{B99691D2-771B-40CA-8ED9-6A783ED1F2E8}.Debug|Any CPU.Build.0 = Debug|Any CPU
		{B99691D2-771B-40CA-8ED9-6A783ED1F2E8}.Release|Any CPU.ActiveCfg = Release|Any CPU
		{B99691D2-771B-40CA-8ED9-6A783ED1F2E8}.Release|Any CPU.Build.0 = Release|Any CPU
	EndGlobalSection
	GlobalSection(SolutionProperties) = preSolution
		HideSolutionNode = FALSE
	EndGlobalSection
	GlobalSection(ExtensibilityGlobals) = postSolution
		SolutionGuid = {D18E4CC8-BA3B-4676-B8B8-39B48E862E13}
	EndGlobalSection
EndGlobal
