
Microsoft Visual Studio Solution File, Format Version 12.00
# Visual Studio Version 17
VisualStudioVersion = 17.3.32922.545
MinimumVisualStudioVersion = 10.0.40219.1
Project("{FAE04EC0-301F-11D3-BF4B-00C04F79EFBC}") = "GardenInterface", "GardenInterface.csproj", "{22EA4673-36B0-4DD0-8AC1-50FEB0A0E496}"
EndProject
Global
	GlobalSection(SolutionConfigurationPlatforms) = preSolution
		Debug|Any CPU = Debug|Any CPU
		Release|Any CPU = Release|Any CPU
	EndGlobalSection
	GlobalSection(ProjectConfigurationPlatforms) = postSolution
		{22EA4673-36B0-4DD0-8AC1-50FEB0A0E496}.Debug|Any CPU.ActiveCfg = Debug|Any CPU
		{22EA4673-36B0-4DD0-8AC1-50FEB0A0E496}.Debug|Any CPU.Build.0 = Debug|Any CPU
		{22EA4673-36B0-4DD0-8AC1-50FEB0A0E496}.Release|Any CPU.ActiveCfg = Release|Any CPU
		{22EA4673-36B0-4DD0-8AC1-50FEB0A0E496}.Release|Any CPU.Build.0 = Release|Any CPU
	EndGlobalSection
	GlobalSection(SolutionProperties) = preSolution
		HideSolutionNode = FALSE
	EndGlobalSection
	GlobalSection(ExtensibilityGlobals) = postSolution
		SolutionGuid = {861F763D-AC1C-4F6E-866F-1A5D2C1940B1}
	EndGlobalSection
EndGlobal
